{
  "name": "ck-screen-res",
  "version": "0.0.1",
  "lockfileVersion": 1,
  "requires": true,
  "dependencies": {
    "@angular/cdk": {
      "version": "8.2.3",
      "resolved": "https://registry.npmjs.org/@angular/cdk/-/cdk-8.2.3.tgz",
      "integrity": "sha512-ZwO5Sn720RA2YvBqud0JAHkZXjmjxM0yNzCO8RVtRE9i8Gl26Wk0j0nQeJkVm4zwv2QO8MwbKUKGTMt8evsokA==",
      "requires": {
        "parse5": "^5.0.0",
        "tslib": "^1.7.1"
      }
    },
    "@angular/flex-layout": {
      "version": "7.0.0-beta.24",
      "resolved": "https://registry.npmjs.org/@angular/flex-layout/-/flex-layout-7.0.0-beta.24.tgz",
      "integrity": "sha512-ll6sK0nLGxqI/f5+z4jbd+pve1QITzgehv2AuGvfSDgIjPMeqUDB5YZqQmIGM/dQRk/vIio5KCW5LQPJWzMMYQ==",
      "requires": {
        "tslib": "^1.7.1"
      }
    },
    "@fortawesome/angular-fontawesome": {
      "version": "0.4.0",
      "resolved": "https://registry.npmjs.org/@fortawesome/angular-fontawesome/-/angular-fontawesome-0.4.0.tgz",
      "integrity": "sha512-DYVXdCzwQo6d0CxVMRK+10LpBAvYN9xigWeQW4wKYq/Czd5es46nPMKixB5rHfNViECwwlM2gTM61K4DpxlJxg==",
      "requires": {
        "tslib": "^1.9.0"
      }
    },
    "@fortawesome/fontawesome-common-types": {
      "version": "0.2.27",
      "resolved": "https://registry.npmjs.org/@fortawesome/fontawesome-common-types/-/fontawesome-common-types-0.2.27.tgz",
      "integrity": "sha512-97GaByGaXDGMkzcJX7VmR/jRJd8h1mfhtA7RsxDBN61GnWE/PPCZhOdwG/8OZYktiRUF0CvFOr+VgRkJrt6TWg=="
    },
    "@fortawesome/fontawesome-svg-core": {
      "version": "1.2.27",
      "resolved": "https://registry.npmjs.org/@fortawesome/fontawesome-svg-core/-/fontawesome-svg-core-1.2.27.tgz",
      "integrity": "sha512-sOD3DKynocnHYpuw2sLPnTunDj7rLk91LYhi2axUYwuGe9cPCw7Bsu9EWtVdNJP+IYgTCZIbyARKXuy5K/nv+Q==",
      "requires": {
        "@fortawesome/fontawesome-common-types": "^0.2.27"
      }
    },
    "@fortawesome/free-solid-svg-icons": {
      "version": "5.12.1",
      "resolved": "https://registry.npmjs.org/@fortawesome/free-solid-svg-icons/-/free-solid-svg-icons-5.12.1.tgz",
      "integrity": "sha512-k3MwRFFUhyL4cuCJSaHDA0YNYMELDXX0h8JKtWYxO5XD3Dn+maXOMrVAAiNGooUyM2v/wz/TOaM0jxYVKeXX7g==",
      "requires": {
        "@fortawesome/fontawesome-common-types": "^0.2.27"
      }
    },
    "parse5": {
      "version": "5.1.1",
      "resolved": "https://registry.npmjs.org/parse5/-/parse5-5.1.1.tgz",
      "integrity": "sha512-ugq4DFI0Ptb+WWjAdOK16+u/nHfiIrcE+sh8kZMaM0WllQKLI9rOUq6c2b7cwPkXdzfQESqvoqK6ug7U/Yyzug==",
      "optional": true
    },
    "tslib": {
      "version": "1.11.1",
      "resolved": "https://registry.npmjs.org/tslib/-/tslib-1.11.1.tgz",
      "integrity": "sha512-aZW88SY8kQbU7gpV19lN24LtXh/yD4ZZg6qieAJDDg+YBsJcSmLGK9QpnUjAKVG/xefmvJGd1WUmfpT/g6AJGA=="
    }
  }
}
